
Microsoft Visual Studio Solution File, Format Version 12.00
# Visual Studio Version 17
VisualStudioVersion = 17.4.33205.214
MinimumVisualStudioVersion = 10.0.40219.1
Project("{FAE04EC0-301F-11D3-BF4B-00C04F79EFBC}") = "QuizLogicCSharpGB", "QuizLogicCSharpGB.csproj", "{D764B88F-E077-4DE3-901A-993A84A11872}"
EndProject
Global
	GlobalSection(SolutionConfigurationPlatforms) = preSolution
		Debug|Any CPU = Debug|Any CPU
		Release|Any CPU = Release|Any CPU
	EndGlobalSection
	GlobalSection(ProjectConfigurationPlatforms) = postSolution
		{D764B88F-E077-4DE3-901A-993A84A11872}.Debug|Any CPU.ActiveCfg = Debug|Any CPU
		{D764B88F-E077-4DE3-901A-993A84A11872}.Debug|Any CPU.Build.0 = Debug|Any CPU
		{D764B88F-E077-4DE3-901A-993A84A11872}.Release|Any CPU.ActiveCfg = Release|Any CPU
		{D764B88F-E077-4DE3-901A-993A84A11872}.Release|Any CPU.Build.0 = Release|Any CPU
	EndGlobalSection
	GlobalSection(SolutionProperties) = preSolution
		HideSolutionNode = FALSE
	EndGlobalSection
	GlobalSection(ExtensibilityGlobals) = postSolution
		SolutionGuid = {7BFBCF46-431E-43AC-AD15-FF878F7B7327}
	EndGlobalSection
EndGlobal
